gpu_arch=8.6
cuda_home=/usr/local/cuda-12.8
cuda_version=12.8
nvcc_min=12.8.0
cmake_min=3.26.0
ninja_min=1.10.0
python_version=3.12
vllm_version=0.20.0
vllm_sha=101584af0
torch_version=2.10.0+cu128
torch_index_url=https://download.pytorch.org/whl/cu128
ray_version=2.54.0
triton_version_floor=3.4.0
bootstrap_python=/home/z/.venv-vllm_pr40760_shaaa114601_torch2.10.0_cu128_ray2.54.0_py3.12_dsv4/bin/python3.12
torch_cuda_arch_list=8.6
vllm_target_device=cuda
max_jobs_default=32
vendor_patches=patch_vllm_ue8m0_preconvert.sh,patch_vllm_w8a8_bf16_fallback.sh
sp_patches=patch_triton_ue8m0_dict.sh
patches_dir=/repo/INSTALLERS
ccache_dir_default=/repo/cache/ccache_vllm_dsa_sm86
sccache_dir_default=/repo/cache/sccache_vllm_dsa_sm86
deterministic=1
pythonhashseed=0
src_dir=/repo/INSTALLERS/vllm.dsa.sm86/vllm-source
wheel_dir=/repo/wheels/vllm.dsa.sm86
venv_baseline=.venv-vllm_dsa_sm86_baseline
